<?xml version="1.0" encoding="utf-8"?>
<Project ToolsVersion="4.0" xmlns="http://schemas.microsoft.com/developer/msbuild/2003">
  <ItemGroup>
    <Filter Include="Source Files">
      <UniqueIdentifier>{4FC737F1-C7A5-4376-A066-2A32D752A2FF}</UniqueIdentifier>
      <Extensions>cpp;c;cc;cxx;def;odl;idl;hpj;bat;asm;asmx</Extensions>
    </Filter>
    <Filter Include="Header Files">
      <UniqueIdentifier>{93995380-89BD-4b04-88EB-625FBE52EBFB}</UniqueIdentifier>
      <Extensions>h;hpp;hxx;hm;inl;inc;xsd</Extensions>
    </Filter>
  </ItemGroup>
  <ItemGroup>
    <ClCompile Include="main.cpp">
      <Filter>Source Files</Filter>
    </ClCompile>
    <ClCompile Include="ScanlineTriangle.cpp">
      <Filter>Source Files</Filter>
    </ClCompile>
    <ClCompile Include="PixelDrawer.cpp">
      <Filter>Source Files</Filter>
    </ClCompile>
    <ClCompile Include="DDALine.cpp">
      <Filter>Source Files</Filter>
    </ClCompile>
    <ClCompile Include="GraphicsUtil.h">
      <Filter>Header Files</Filter>
    </ClCompile>
    <ClCompile Include="LineDrawer.cpp">
      <Filter>Source Files</Filter>
    </ClCompile>
    <ClCompile Include="GraphicsSettings.cpp">
      <Filter>Source Files</Filter>
    </ClCompile>
    <ClCompile Include="ScanLineTriangleDrawer.cpp">
      <Filter>Source Files</Filter>
    </ClCompile>
    <ClCompile Include="Polygon2D.cpp">
      <Filter>Source Files</Filter>
    </ClCompile>
    <ClCompile Include="DecompPolygon2D.cpp">
      <Filter>Source Files</Filter>
    </ClCompile>
    <ClCompile Include="PolygonDrawer.cpp">
      <Filter>Source Files</Filter>
    </ClCompile>
    <ClCompile Include="VJSReader.cpp">
      <Filter>Source Files</Filter>
    </ClCompile>
    <ClCompile Include="3DPolygonDrawer.cpp">
      <Filter>Source Files</Filter>
    </ClCompile>
    <ClCompile Include="Polygon3DTranslator.cpp">
      <Filter>Source Files</Filter>
    </ClCompile>
    <ClCompile Include="World.cpp">
      <Filter>Source Files</Filter>
    </ClCompile>
    <ClCompile Include="BoundingBox.cpp">
      <Filter>Source Files</Filter>
    </ClCompile>
    <ClCompile Include="Polygon3DScaler.cpp">
      <Filter>Source Files</Filter>
    </ClCompile>
    <ClCompile Include="TrigLookup.cpp">
      <Filter>Source Files</Filter>
    </ClCompile>
  </ItemGroup>
  <ItemGroup>
    <ClInclude Include="RGBColor.h">
      <Filter>Header Files</Filter>
    </ClInclude>
    <ClInclude Include="ScanLineTriangle.h">
      <Filter>Header Files</Filter>
    </ClInclude>
    <ClInclude Include="PixelDrawer.h">
      <Filter>Header Files</Filter>
    </ClInclude>
    <ClInclude Include="LineDrawer.h">
      <Filter>Header Files</Filter>
    </ClInclude>
    <ClInclude Include="DDALine.h">
      <Filter>Header Files</Filter>
    </ClInclude>
    <ClInclude Include="GraphicsSettings.h">
      <Filter>Header Files</Filter>
    </ClInclude>
    <ClInclude Include="ScanLineTriangleDrawer.h">
      <Filter>Header Files</Filter>
    </ClInclude>
    <ClInclude Include="GPLine.h">
      <Filter>Header Files</Filter>
    </ClInclude>
    <ClInclude Include="Polygon2D.h">
      <Filter>Header Files</Filter>
    </ClInclude>
    <ClInclude Include="DecompPolygon2D.h">
      <Filter>Header Files</Filter>
    </ClInclude>
    <ClInclude Include="PolygonDrawer.h">
      <Filter>Header Files</Filter>
    </ClInclude>
    <ClInclude Include="Polygon3D.h">
      <Filter>Header Files</Filter>
    </ClInclude>
    <ClInclude Include="VJSReader.h">
      <Filter>Header Files</Filter>
    </ClInclude>
    <ClInclude Include="3DPolygonDrawer.h">
      <Filter>Header Files</Filter>
    </ClInclude>
    <ClInclude Include="Polygon3DTranslator.h">
      <Filter>Header Files</Filter>
    </ClInclude>
    <ClInclude Include="World.h">
      <Filter>Header Files</Filter>
    </ClInclude>
    <ClInclude Include="BoundingBox.h">
      <Filter>Header Files</Filter>
    </ClInclude>
    <ClInclude Include="Polygon3DScaler.h">
      <Filter>Header Files</Filter>
    </ClInclude>
    <ClInclude Include="TrigLookup.h">
      <Filter>Header Files</Filter>
    </ClInclude>
  </ItemGroup>
  <ItemGroup>
    <None Include="TestCube.txt" />
  </ItemGroup>
</Project>